
Microsoft Visual Studio Solution File, Format Version 12.00
# Visual Studio Version 16
VisualStudioVersion = 16.0.29519.87
MinimumVisualStudioVersion = 10.0.40219.1
Project("{FAE04EC0-301F-11D3-BF4B-00C04F79EFBC}") = "orderBookingApi", "orderBookingApi.csproj", "{9140FB02-6E2A-44FC-99B5-DB38C169AC68}"
EndProject
Global
	GlobalSection(SolutionConfigurationPlatforms) = preSolution
		Debug|Any CPU = Debug|Any CPU
		Release|Any CPU = Release|Any CPU
	EndGlobalSection
	GlobalSection(ProjectConfigurationPlatforms) = postSolution
		{9140FB02-6E2A-44FC-99B5-DB38C169AC68}.Debug|Any CPU.ActiveCfg = Debug|Any CPU
		{9140FB02-6E2A-44FC-99B5-DB38C169AC68}.Debug|Any CPU.Build.0 = Debug|Any CPU
		{9140FB02-6E2A-44FC-99B5-DB38C169AC68}.Release|Any CPU.ActiveCfg = Release|Any CPU
		{9140FB02-6E2A-44FC-99B5-DB38C169AC68}.Release|Any CPU.Build.0 = Release|Any CPU
	EndGlobalSection
	GlobalSection(SolutionProperties) = preSolution
		HideSolutionNode = FALSE
	EndGlobalSection
	GlobalSection(ExtensibilityGlobals) = postSolution
		SolutionGuid = {703B0C4C-1BFA-4244-B25A-D95FE3660D76}
	EndGlobalSection
EndGlobal
